// !$*UTF8*$!
{
	archiveVersion = 1;
	classes = {
	};
	objectVersion = 50;
	objects = {

/* Begin PBXBuildFile section */
		231ACC3B29AB9091008C3FB9 /* AppDelegate.swift in Sources */ = {isa = PBXBuildFile; fileRef = 231ACC3A29AB9091008C3FB9 /* AppDelegate.swift */; };
		231ACC3D29AB9091008C3FB9 /* SceneDelegate.swift in Sources */ = {isa = PBXBuildFile; fileRef = 231ACC3C29AB9091008C3FB9 /* SceneDelegate.swift */; };
		231ACC3F29AB9091008C3FB9 /* ViewController.swift in Sources */ = {isa = PBXBuildFile; fileRef = 231ACC3E29AB9091008C3FB9 /* ViewController.swift */; };
		231ACC4229AB9092008C3FB9 /* Main.storyboard in Resources */ = {isa = PBXBuildFile; fileRef = 231ACC4029AB9092008C3FB9 /* Main.storyboard */; };
		231ACC4429AB9092008C3FB9 /* Assets.xcassets in Resources */ = {isa = PBXBuildFile; fileRef = 231ACC4329AB9092008C3FB9 /* Assets.xcassets */; };
		231ACC4729AB9092008C3FB9 /* LaunchScreen.storyboard in Resources */ = {isa = PBXBuildFile; fileRef = 231ACC4529AB9092008C3FB9 /* LaunchScreen.storyboard */; };
		231ACC5429AB9145008C3FB9 /* test1.json in Resources */ = {isa = PBXBuildFile; fileRef = 231ACC5129AB9145008C3FB9 /* test1.json */; };
		231ACC5529AB9145008C3FB9 /* test2.json in Resources */ = {isa = PBXBuildFile; fileRef = 231ACC5229AB9145008C3FB9 /* test2.json */; };
		231ACC5629AB9145008C3FB9 /* test3.json in Resources */ = {isa = PBXBuildFile; fileRef = 231ACC5329AB9145008C3FB9 /* test3.json */; };
		231ACC5929ABF0BE008C3FB9 /* TestOne.swift in Sources */ = {isa = PBXBuildFile; fileRef = 231ACC5829ABF0BE008C3FB9 /* TestOne.swift */; };
		231ACC5B29ABF0CB008C3FB9 /* TestTwo.swift in Sources */ = {isa = PBXBuildFile; fileRef = 231ACC5A29ABF0CB008C3FB9 /* TestTwo.swift */; };
		231ACC5D29ABF0DA008C3FB9 /* TestThree.swift in Sources */ = {isa = PBXBuildFile; fileRef = 231ACC5C29ABF0DA008C3FB9 /* TestThree.swift */; };
		239FCA6B29AD27F10011C9E2 /* DataLoader.swift in Sources */ = {isa = PBXBuildFile; fileRef = 239FCA6A29AD27F10011C9E2 /* DataLoader.swift */; };
		239FCA6D29AD33900011C9E2 /* TestOneTableViewController.swift in Sources */ = {isa = PBXBuildFile; fileRef = 239FCA6C29AD33900011C9E2 /* TestOneTableViewController.swift */; };
		239FCA6F29AD42A70011C9E2 /* TestOneTableViewCell.swift in Sources */ = {isa = PBXBuildFile; fileRef = 239FCA6E29AD42A70011C9E2 /* TestOneTableViewCell.swift */; };
		23B8111329B268DD001785ED /* ReadJsonTestTwo.swift in Sources */ = {isa = PBXBuildFile; fileRef = 23B8111229B268DD001785ED /* ReadJsonTestTwo.swift */; };
		23B8111529B26DC2001785ED /* extraCode.swift in Sources */ = {isa = PBXBuildFile; fileRef = 23B8111429B26DC2001785ED /* extraCode.swift */; };
/* End PBXBuildFile section */

/* Begin PBXFileReference section */
		231ACC3729AB9091008C3FB9 /* ios-arc-carrington.app */ = {isa = PBXFileReference; explicitFileType = wrapper.application; includeInIndex = 0; path = "ios-arc-carrington.app"; sourceTree = BUILT_PRODUCTS_DIR; };
		231ACC3A29AB9091008C3FB9 /* AppDelegate.swift */ = {isa = PBXFileReference; lastKnownFileType = sourcecode.swift; path = AppDelegate.swift; sourceTree = "<group>"; };
		231ACC3C29AB9091008C3FB9 /* SceneDelegate.swift */ = {isa = PBXFileReference; lastKnownFileType = sourcecode.swift; path = SceneDelegate.swift; sourceTree = "<group>"; };
		231ACC3E29AB9091008C3FB9 /* ViewController.swift */ = {isa = PBXFileReference; lastKnownFileType = sourcecode.swift; path = ViewController.swift; sourceTree = "<group>"; };
		231ACC4129AB9092008C3FB9 /* Base */ = {isa = PBXFileReference; lastKnownFileType = file.storyboard; name = Base; path = Base.lproj/Main.storyboard; sourceTree = "<group>"; };
		231ACC4329AB9092008C3FB9 /* Assets.xcassets */ = {isa = PBXFileReference; lastKnownFileType = folder.assetcatalog; path = Assets.xcassets; sourceTree = "<group>"; };
		231ACC4629AB9092008C3FB9 /* Base */ = {isa = PBXFileReference; lastKnownFileType = file.storyboard; name = Base; path = Base.lproj/LaunchScreen.storyboard; sourceTree = "<group>"; };
		231ACC4829AB9092008C3FB9 /* Info.plist */ = {isa = PBXFileReference; lastKnownFileType = text.plist.xml; path = Info.plist; sourceTree = "<group>"; };
		231ACC5129AB9145008C3FB9 /* test1.json */ = {isa = PBXFileReference; fileEncoding = 4; lastKnownFileType = text.json; path = test1.json; sourceTree = "<group>"; };
		231ACC5229AB9145008C3FB9 /* test2.json */ = {isa = PBXFileReference; fileEncoding = 4; lastKnownFileType = text.json; path = test2.json; sourceTree = "<group>"; };
		231ACC5329AB9145008C3FB9 /* test3.json */ = {isa = PBXFileReference; fileEncoding = 4; lastKnownFileType = text.json; path = test3.json; sourceTree = "<group>"; };
		231ACC5829ABF0BE008C3FB9 /* TestOne.swift */ = {isa = PBXFileReference; lastKnownFileType = sourcecode.swift; path = TestOne.swift; sourceTree = "<group>"; };
		231ACC5A29ABF0CB008C3FB9 /* TestTwo.swift */ = {isa = PBXFileReference; lastKnownFileType = sourcecode.swift; path = TestTwo.swift; sourceTree = "<group>"; };
		231ACC5C29ABF0DA008C3FB9 /* TestThree.swift */ = {isa = PBXFileReference; lastKnownFileType = sourcecode.swift; path = TestThree.swift; sourceTree = "<group>"; };
		239FCA6A29AD27F10011C9E2 /* DataLoader.swift */ = {isa = PBXFileReference; lastKnownFileType = sourcecode.swift; path = DataLoader.swift; sourceTree = "<group>"; };
		239FCA6C29AD33900011C9E2 /* TestOneTableViewController.swift */ = {isa = PBXFileReference; lastKnownFileType = sourcecode.swift; path = TestOneTableViewController.swift; sourceTree = "<group>"; };
		239FCA6E29AD42A70011C9E2 /* TestOneTableViewCell.swift */ = {isa = PBXFileReference; lastKnownFileType = sourcecode.swift; path = TestOneTableViewCell.swift; sourceTree = "<group>"; };
		23B8111229B268DD001785ED /* ReadJsonTestTwo.swift */ = {isa = PBXFileReference; lastKnownFileType = sourcecode.swift; path = ReadJsonTestTwo.swift; sourceTree = "<group>"; };
		23B8111429B26DC2001785ED /* extraCode.swift */ = {isa = PBXFileReference; lastKnownFileType = sourcecode.swift; path = extraCode.swift; sourceTree = "<group>"; };
/* End PBXFileReference section */

/* Begin PBXFrameworksBuildPhase section */
		231ACC3429AB9091008C3FB9 /* Frameworks */ = {
			isa = PBXFrameworksBuildPhase;
			buildActionMask = 2147483647;
			files = (
			);
			runOnlyForDeploymentPostprocessing = 0;
		};
/* End PBXFrameworksBuildPhase section */

/* Begin PBXGroup section */
		231ACC2E29AB9091008C3FB9 = {
			isa = PBXGroup;
			children = (
				231ACC3929AB9091008C3FB9 /* ios-arc-carrington */,
				231ACC3829AB9091008C3FB9 /* Products */,
			);
			sourceTree = "<group>";
		};
		231ACC3829AB9091008C3FB9 /* Products */ = {
			isa = PBXGroup;
			children = (
				231ACC3729AB9091008C3FB9 /* ios-arc-carrington.app */,
			);
			name = Products;
			sourceTree = "<group>";
		};
		231ACC3929AB9091008C3FB9 /* ios-arc-carrington */ = {
			isa = PBXGroup;
			children = (
				231ACC5729AB9168008C3FB9 /* Resources */,
				231ACC4E29AB90BC008C3FB9 /* Model */,
				231ACC4F29AB90D0008C3FB9 /* View */,
				231ACC5029AB90D7008C3FB9 /* Controllers */,
				231ACC3A29AB9091008C3FB9 /* AppDelegate.swift */,
				231ACC3C29AB9091008C3FB9 /* SceneDelegate.swift */,
				231ACC4529AB9092008C3FB9 /* LaunchScreen.storyboard */,
				231ACC4829AB9092008C3FB9 /* Info.plist */,
			);
			path = "ios-arc-carrington";
			sourceTree = "<group>";
		};
		231ACC4E29AB90BC008C3FB9 /* Model */ = {
			isa = PBXGroup;
			children = (
				231ACC5A29ABF0CB008C3FB9 /* TestTwo.swift */,
				231ACC5C29ABF0DA008C3FB9 /* TestThree.swift */,
				23B8111129B2689C001785ED /* TestOne */,
				23B8111229B268DD001785ED /* ReadJsonTestTwo.swift */,
				23B8111429B26DC2001785ED /* extraCode.swift */,
			);
			path = Model;
			sourceTree = "<group>";
		};
		231ACC4F29AB90D0008C3FB9 /* View */ = {
			isa = PBXGroup;
			children = (
				231ACC4029AB9092008C3FB9 /* Main.storyboard */,
				231ACC4329AB9092008C3FB9 /* Assets.xcassets */,
			);
			path = View;
			sourceTree = "<group>";
		};
		231ACC5029AB90D7008C3FB9 /* Controllers */ = {
			isa = PBXGroup;
			children = (
				231ACC3E29AB9091008C3FB9 /* ViewController.swift */,
				239FCA6C29AD33900011C9E2 /* TestOneTableViewController.swift */,
				239FCA6E29AD42A70011C9E2 /* TestOneTableViewCell.swift */,
			);
			path = Controllers;
			sourceTree = "<group>";
		};
		231ACC5729AB9168008C3FB9 /* Resources */ = {
			isa = PBXGroup;
			children = (
				231ACC5129AB9145008C3FB9 /* test1.json */,
				231ACC5229AB9145008C3FB9 /* test2.json */,
				231ACC5329AB9145008C3FB9 /* test3.json */,
			);
			path = Resources;
			sourceTree = "<group>";
		};
		23B8111129B2689C001785ED /* TestOne */ = {
			isa = PBXGroup;
			children = (
				231ACC5829ABF0BE008C3FB9 /* TestOne.swift */,
				239FCA6A29AD27F10011C9E2 /* DataLoader.swift */,
			);
			path = TestOne;
			sourceTree = "<group>";
		};
/* End PBXGroup section */

/* Begin PBXNativeTarget section */
		231ACC3629AB9091008C3FB9 /* ios-arc-carrington */ = {
			isa = PBXNativeTarget;
			buildConfigurationList = 231ACC4B29AB9092008C3FB9 /* Build configuration list for PBXNativeTarget "ios-arc-carrington" */;
			buildPhases = (
				231ACC3329AB9091008C3FB9 /* Sources */,
				231ACC3429AB9091008C3FB9 /* Frameworks */,
				231ACC3529AB9091008C3FB9 /* Resources */,
			);
			buildRules = (
			);
			dependencies = (
			);
			name = "ios-arc-carrington";
			productName = "ios-arc-carrington";
			productReference = 231ACC3729AB9091008C3FB9 /* ios-arc-carrington.app */;
			productType = "com.apple.product-type.application";
		};
/* End PBXNativeTarget section */

/* Begin PBXProject section */
		231ACC2F29AB9091008C3FB9 /* Project object */ = {
			isa = PBXProject;
			attributes = {
				LastSwiftUpdateCheck = 1250;
				LastUpgradeCheck = 1250;
				TargetAttributes = {
					231ACC3629AB9091008C3FB9 = {
						CreatedOnToolsVersion = 12.5.1;
					};
				};
			};
			buildConfigurationList = 231ACC3229AB9091008C3FB9 /* Build configuration list for PBXProject "ios-arc-carrington" */;
			compatibilityVersion = "Xcode 9.3";
			developmentRegion = en;
			hasScannedForEncodings = 0;
			knownRegions = (
				en,
				Base,
			);
			mainGroup = 231ACC2E29AB9091008C3FB9;
			productRefGroup = 231ACC3829AB9091008C3FB9 /* Products */;
			projectDirPath = "";
			projectRoot = "";
			targets = (
				231ACC3629AB9091008C3FB9 /* ios-arc-carrington */,
			);
		};
/* End PBXProject section */

/* Begin PBXResourcesBuildPhase section */
		231ACC3529AB9091008C3FB9 /* Resources */ = {
			isa = PBXResourcesBuildPhase;
			buildActionMask = 2147483647;
			files = (
				231ACC4729AB9092008C3FB9 /* LaunchScreen.storyboard in Resources */,
				231ACC5629AB9145008C3FB9 /* test3.json in Resources */,
				231ACC4429AB9092008C3FB9 /* Assets.xcassets in Resources */,
				231ACC4229AB9092008C3FB9 /* Main.storyboard in Resources */,
				231ACC5529AB9145008C3FB9 /* test2.json in Resources */,
				231ACC5429AB9145008C3FB9 /* test1.json in Resources */,
			);
			runOnlyForDeploymentPostprocessing = 0;
		};
/* End PBXResourcesBuildPhase section */

/* Begin PBXSourcesBuildPhase section */
		231ACC3329AB9091008C3FB9 /* Sources */ = {
			isa = PBXSourcesBuildPhase;
			buildActionMask = 2147483647;
			files = (
				239FCA6D29AD33900011C9E2 /* TestOneTableViewController.swift in Sources */,
				231ACC5D29ABF0DA008C3FB9 /* TestThree.swift in Sources */,
				231ACC3F29AB9091008C3FB9 /* ViewController.swift in Sources */,
				239FCA6B29AD27F10011C9E2 /* DataLoader.swift in Sources */,
				23B8111329B268DD001785ED /* ReadJsonTestTwo.swift in Sources */,
				231ACC3B29AB9091008C3FB9 /* AppDelegate.swift in Sources */,
				231ACC5929ABF0BE008C3FB9 /* TestOne.swift in Sources */,
				231ACC3D29AB9091008C3FB9 /* SceneDelegate.swift in Sources */,
				239FCA6F29AD42A70011C9E2 /* TestOneTableViewCell.swift in Sources */,
				231ACC5B29ABF0CB008C3FB9 /* TestTwo.swift in Sources */,
				23B8111529B26DC2001785ED /* extraCode.swift in Sources */,
			);
			runOnlyForDeploymentPostprocessing = 0;
		};
/* End PBXSourcesBuildPhase section */

/* Begin PBXVariantGroup section */
		231ACC4029AB9092008C3FB9 /* Main.storyboard */ = {
			isa = PBXVariantGroup;
			children = (
				231ACC4129AB9092008C3FB9 /* Base */,
			);
			name = Main.storyboard;
			sourceTree = "<group>";
		};
		231ACC4529AB9092008C3FB9 /* LaunchScreen.storyboard */ = {
			isa = PBXVariantGroup;
			children = (
				231ACC4629AB9092008C3FB9 /* Base */,
			);
			name = LaunchScreen.storyboard;
			sourceTree = "<group>";
		};
/* End PBXVariantGroup section */

/* Begin XCBuildConfiguration section */
		231ACC4929AB9092008C3FB9 /* Debug */ = {
			isa = XCBuildConfiguration;
			buildSettings = {
				ALWAYS_SEARCH_USER_PATHS = NO;
				CLANG_ANALYZER_NONNULL = YES;
				CLANG_ANALYZER_NUMBER_OBJECT_CONVERSION = YES_AGGRESSIVE;
				CLANG_CXX_LANGUAGE_STANDARD = "gnu++14";
				CLANG_CXX_LIBRARY = "libc++";
				CLANG_ENABLE_MODULES = YES;
				CLANG_ENABLE_OBJC_ARC = YES;
				CLANG_ENABLE_OBJC_WEAK = YES;
				CLANG_WARN_BLOCK_CAPTURE_AUTORELEASING = YES;
				CLANG_WARN_BOOL_CONVERSION = YES;
				CLANG_WARN_COMMA = YES;
				CLANG_WARN_CONSTANT_CONVERSION = YES;
				CLANG_WARN_DEPRECATED_OBJC_IMPLEMENTATIONS = YES;
				CLANG_WARN_DIRECT_OBJC_ISA_USAGE = YES_ERROR;
				CLANG_WARN_DOCUMENTATION_COMMENTS = YES;
				CLANG_WARN_EMPTY_BODY = YES;
				CLANG_WARN_ENUM_CONVERSION = YES;
				CLANG_WARN_INFINITE_RECURSION = YES;
				CLANG_WARN_INT_CONVERSION = YES;
				CLANG_WARN_NON_LITERAL_NULL_CONVERSION = YES;
				CLANG_WARN_OBJC_IMPLICIT_RETAIN_SELF = YES;
				CLANG_WARN_OBJC_LITERAL_CONVERSION = YES;
				CLANG_WARN_OBJC_ROOT_CLASS = YES_ERROR;
				CLANG_WARN_QUOTED_INCLUDE_IN_FRAMEWORK_HEADER = YES;
				CLANG_WARN_RANGE_LOOP_ANALYSIS = YES;
				CLANG_WARN_STRICT_PROTOTYPES = YES;
				CLANG_WARN_SUSPICIOUS_MOVE = YES;
				CLANG_WARN_UNGUARDED_AVAILABILITY = YES_AGGRESSIVE;
				CLANG_WARN_UNREACHABLE_CODE = YES;
				CLANG_WARN__DUPLICATE_METHOD_MATCH = YES;
				COPY_PHASE_STRIP = NO;
				DEBUG_INFORMATION_FORMAT = dwarf;
				ENABLE_STRICT_OBJC_MSGSEND = YES;
				ENABLE_TESTABILITY = YES;
				GCC_C_LANGUAGE_STANDARD = gnu11;
				GCC_DYNAMIC_NO_PIC = NO;
				GCC_NO_COMMON_BLOCKS = YES;
				GCC_OPTIMIZATION_LEVEL = 0;
				GCC_PREPROCESSOR_DEFINITIONS = (
					"DEBUG=1",
					"$(inherited)",
				);
				GCC_WARN_64_TO_32_BIT_CONVERSION = YES;
				GCC_WARN_ABOUT_RETURN_TYPE = YES_ERROR;
				GCC_WARN_UNDECLARED_SELECTOR = YES;
				GCC_WARN_UNINITIALIZED_AUTOS = YES_AGGRESSIVE;
				GCC_WARN_UNUSED_FUNCTION = YES;
				GCC_WARN_UNUSED_VARIABLE = YES;
				IPHONEOS_DEPLOYMENT_TARGET = 14.5;
				MTL_ENABLE_DEBUG_INFO = INCLUDE_SOURCE;
				MTL_FAST_MATH = YES;
				ONLY_ACTIVE_ARCH = YES;
				SDKROOT = iphoneos;
				SWIFT_ACTIVE_COMPILATION_CONDITIONS = DEBUG;
				SWIFT_OPTIMIZATION_LEVEL = "-Onone";
			};
			name = Debug;
		};
		231ACC4A29AB9092008C3FB9 /* Release */ = {
			isa = XCBuildConfiguration;
			buildSettings = {
				ALWAYS_SEARCH_USER_PATHS = NO;
				CLANG_ANALYZER_NONNULL = YES;
				CLANG_ANALYZER_NUMBER_OBJECT_CONVERSION = YES_AGGRESSIVE;
				CLANG_CXX_LANGUAGE_STANDARD = "gnu++14";
				CLANG_CXX_LIBRARY = "libc++";
				CLANG_ENABLE_MODULES = YES;
				CLANG_ENABLE_OBJC_ARC = YES;
				CLANG_ENABLE_OBJC_WEAK = YES;
				CLANG_WARN_BLOCK_CAPTURE_AUTORELEASING = YES;
				CLANG_WARN_BOOL_CONVERSION = YES;
				CLANG_WARN_COMMA = YES;
				CLANG_WARN_CONSTANT_CONVERSION = YES;
				CLANG_WARN_DEPRECATED_OBJC_IMPLEMENTATIONS = YES;
				CLANG_WARN_DIRECT_OBJC_ISA_USAGE = YES_ERROR;
				CLANG_WARN_DOCUMENTATION_COMMENTS = YES;
				CLANG_WARN_EMPTY_BODY = YES;
				CLANG_WARN_ENUM_CONVERSION = YES;
				CLANG_WARN_INFINITE_RECURSION = YES;
				CLANG_WARN_INT_CONVERSION = YES;
				CLANG_WARN_NON_LITERAL_NULL_CONVERSION = YES;
				CLANG_WARN_OBJC_IMPLICIT_RETAIN_SELF = YES;
				CLANG_WARN_OBJC_LITERAL_CONVERSION = YES;
				CLANG_WARN_OBJC_ROOT_CLASS = YES_ERROR;
				CLANG_WARN_QUOTED_INCLUDE_IN_FRAMEWORK_HEADER = YES;
				CLANG_WARN_RANGE_LOOP_ANALYSIS = YES;
				CLANG_WARN_STRICT_PROTOTYPES = YES;
				CLANG_WARN_SUSPICIOUS_MOVE = YES;
				CLANG_WARN_UNGUARDED_AVAILABILITY = YES_AGGRESSIVE;
				CLANG_WARN_UNREACHABLE_CODE = YES;
				CLANG_WARN__DUPLICATE_METHOD_MATCH = YES;
				COPY_PHASE_STRIP = NO;
				DEBUG_INFORMATION_FORMAT = "dwarf-with-dsym";
				ENABLE_NS_ASSERTIONS = NO;
				ENABLE_STRICT_OBJC_MSGSEND = YES;
				GCC_C_LANGUAGE_STANDARD = gnu11;
				GCC_NO_COMMON_BLOCKS = YES;
				GCC_WARN_64_TO_32_BIT_CONVERSION = YES;
				GCC_WARN_ABOUT_RETURN_TYPE = YES_ERROR;
				GCC_WARN_UNDECLARED_SELECTOR = YES;
				GCC_WARN_UNINITIALIZED_AUTOS = YES_AGGRESSIVE;
				GCC_WARN_UNUSED_FUNCTION = YES;
				GCC_WARN_UNUSED_VARIABLE = YES;
				IPHONEOS_DEPLOYMENT_TARGET = 14.5;
				MTL_ENABLE_DEBUG_INFO = NO;
				MTL_FAST_MATH = YES;
				SDKROOT = iphoneos;
				SWIFT_COMPILATION_MODE = wholemodule;
				SWIFT_OPTIMIZATION_LEVEL = "-O";
				VALIDATE_PRODUCT = YES;
			};
			name = Release;
		};
		231ACC4C29AB9092008C3FB9 /* Debug */ = {
			isa = XCBuildConfiguration;
			buildSettings = {
				ASSETCATALOG_COMPILER_APPICON_NAME = AppIcon;
				ASSETCATALOG_COMPILER_GLOBAL_ACCENT_COLOR_NAME = AccentColor;
				CODE_SIGN_STYLE = Automatic;
				DEVELOPMENT_TEAM = 886Y82ZT56;
				INFOPLIST_FILE = "ios-arc-carrington/Info.plist";
				LD_RUNPATH_SEARCH_PATHS = (
					"$(inherited)",
					"@executable_path/Frameworks",
				);
				PRODUCT_BUNDLE_IDENTIFIER = "com.carringtons.ios-arc-carrington";
				PRODUCT_NAME = "$(TARGET_NAME)";
				SWIFT_VERSION = 5.0;
				TARGETED_DEVICE_FAMILY = "1,2";
			};
			name = Debug;
		};
		231ACC4D29AB9092008C3FB9 /* Release */ = {
			isa = XCBuildConfiguration;
			buildSettings = {
				ASSETCATALOG_COMPILER_APPICON_NAME = AppIcon;
				ASSETCATALOG_COMPILER_GLOBAL_ACCENT_COLOR_NAME = AccentColor;
				CODE_SIGN_STYLE = Automatic;
				DEVELOPMENT_TEAM = 886Y82ZT56;
				INFOPLIST_FILE = "ios-arc-carrington/Info.plist";
				LD_RUNPATH_SEARCH_PATHS = (
					"$(inherited)",
					"@executable_path/Frameworks",
				);
				PRODUCT_BUNDLE_IDENTIFIER = "com.carringtons.ios-arc-carrington";
				PRODUCT_NAME = "$(TARGET_NAME)";
				SWIFT_VERSION = 5.0;
				TARGETED_DEVICE_FAMILY = "1,2";
			};
			name = Release;
		};
/* End XCBuildConfiguration section */

/* Begin XCConfigurationList section */
		231ACC3229AB9091008C3FB9 /* Build configuration list for PBXProject "ios-arc-carrington" */ = {
			isa = XCConfigurationList;
			buildConfigurations = (
				231ACC4929AB9092008C3FB9 /* Debug */,
				231ACC4A29AB9092008C3FB9 /* Release */,
			);
			defaultConfigurationIsVisible = 0;
			defaultConfigurationName = Release;
		};
		231ACC4B29AB9092008C3FB9 /* Build configuration list for PBXNativeTarget "ios-arc-carrington" */ = {
			isa = XCConfigurationList;
			buildConfigurations = (
				231ACC4C29AB9092008C3FB9 /* Debug */,
				231ACC4D29AB9092008C3FB9 /* Release */,
			);
			defaultConfigurationIsVisible = 0;
			defaultConfigurationName = Release;
		};
/* End XCConfigurationList section */
	};
	rootObject = 231ACC2F29AB9091008C3FB9 /* Project object */;
}
